# THIS IS AN AUTOGENERATED FILE. DO NOT EDIT THIS FILE DIRECTLY.
# yarn lockfile v1


react-native-voip-call@^1.1.1:
  version "1.1.1"
  resolved "https://registry.yarnpkg.com/react-native-voip-call/-/react-native-voip-call-1.1.1.tgz#0d447c68660507204fe22e2908e7fbdaa7210d8c"
  integrity sha512-EQXjynWhge6G0awnYZ7SkUnBUTjq84vYNsZZ629/Poa9nSIZ2SGtCvNjkWwFPPcrFlqaC75x0z4B6+0JsQ/P7Q==
